
Microsoft Visual Studio Solution File, Format Version 12.00
# Visual Studio Version 16
VisualStudioVersion = 16.0.32428.217
MinimumVisualStudioVersion = 10.0.40219.1
Project("{FAE04EC0-301F-11D3-BF4B-00C04F79EFBC}") = "ExercicioVetores02", "ExercicioVetores02\ExercicioVetores02.csproj", "{8F269CD3-BD86-44E7-ADC4-E1FED9409456}"
EndProject
Global
	GlobalSection(SolutionConfigurationPlatforms) = preSolution
		Debug|Any CPU = Debug|Any CPU
		Release|Any CPU = Release|Any CPU
	EndGlobalSection
	GlobalSection(ProjectConfigurationPlatforms) = postSolution
		{8F269CD3-BD86-44E7-ADC4-E1FED9409456}.Debug|Any CPU.ActiveCfg = Debug|Any CPU
		{8F269CD3-BD86-44E7-ADC4-E1FED9409456}.Debug|Any CPU.Build.0 = Debug|Any CPU
		{8F269CD3-BD86-44E7-ADC4-E1FED9409456}.Release|Any CPU.ActiveCfg = Release|Any CPU
		{8F269CD3-BD86-44E7-ADC4-E1FED9409456}.Release|Any CPU.Build.0 = Release|Any CPU
	EndGlobalSection
	GlobalSection(SolutionProperties) = preSolution
		HideSolutionNode = FALSE
	EndGlobalSection
	GlobalSection(ExtensibilityGlobals) = postSolution
		SolutionGuid = {C2C86701-C2E6-4F42-8B34-28CDC0526F5C}
	EndGlobalSection
EndGlobal
