
Microsoft Visual Studio Solution File, Format Version 12.00
# Visual Studio Version 17
VisualStudioVersion = 17.4.33122.133
MinimumVisualStudioVersion = 10.0.40219.1
Project("{FAE04EC0-301F-11D3-BF4B-00C04F79EFBC}") = "VehicleLocation", "VehicleLocation\VehicleLocation.csproj", "{B71161F7-343B-406C-829A-CA3A6473252F}"
EndProject
Global
	GlobalSection(SolutionConfigurationPlatforms) = preSolution
		Debug|Any CPU = Debug|Any CPU
		Release|Any CPU = Release|Any CPU
	EndGlobalSection
	GlobalSection(ProjectConfigurationPlatforms) = postSolution
		{B71161F7-343B-406C-829A-CA3A6473252F}.Debug|Any CPU.ActiveCfg = Debug|Any CPU
		{B71161F7-343B-406C-829A-CA3A6473252F}.Debug|Any CPU.Build.0 = Debug|Any CPU
		{B71161F7-343B-406C-829A-CA3A6473252F}.Release|Any CPU.ActiveCfg = Release|Any CPU
		{B71161F7-343B-406C-829A-CA3A6473252F}.Release|Any CPU.Build.0 = Release|Any CPU
	EndGlobalSection
	GlobalSection(SolutionProperties) = preSolution
		HideSolutionNode = FALSE
	EndGlobalSection
	GlobalSection(ExtensibilityGlobals) = postSolution
		SolutionGuid = {477A9AB9-D5AF-4495-BEC5-6ED3CA4413C1}
	EndGlobalSection
EndGlobal
