
Microsoft Visual Studio Solution File, Format Version 12.00
# Visual Studio Version 16
VisualStudioVersion = 16.0.32428.217
MinimumVisualStudioVersion = 10.0.40219.1
Project("{FAE04EC0-301F-11D3-BF4B-00C04F79EFBC}") = "1117", "1117\1117.csproj", "{FE7A3225-4EC1-4158-9A95-D5FE682F783A}"
EndProject
Global
	GlobalSection(SolutionConfigurationPlatforms) = preSolution
		Debug|Any CPU = Debug|Any CPU
		Release|Any CPU = Release|Any CPU
	EndGlobalSection
	GlobalSection(ProjectConfigurationPlatforms) = postSolution
		{FE7A3225-4EC1-4158-9A95-D5FE682F783A}.Debug|Any CPU.ActiveCfg = Debug|Any CPU
		{FE7A3225-4EC1-4158-9A95-D5FE682F783A}.Debug|Any CPU.Build.0 = Debug|Any CPU
		{FE7A3225-4EC1-4158-9A95-D5FE682F783A}.Release|Any CPU.ActiveCfg = Release|Any CPU
		{FE7A3225-4EC1-4158-9A95-D5FE682F783A}.Release|Any CPU.Build.0 = Release|Any CPU
	EndGlobalSection
	GlobalSection(SolutionProperties) = preSolution
		HideSolutionNode = FALSE
	EndGlobalSection
	GlobalSection(ExtensibilityGlobals) = postSolution
		SolutionGuid = {8452599E-FB28-48F5-8C8B-65DB0F78CCC1}
	EndGlobalSection
EndGlobal
