
Microsoft Visual Studio Solution File, Format Version 12.00
# Visual Studio Version 16
VisualStudioVersion = 16.0.32428.217
MinimumVisualStudioVersion = 10.0.40219.1
Project("{FAE04EC0-301F-11D3-BF4B-00C04F79EFBC}") = "ExClasses1", "ExClasses1\ExClasses1.csproj", "{4D8A90C6-B140-4454-9CF5-81363FC19CCD}"
EndProject
Global
	GlobalSection(SolutionConfigurationPlatforms) = preSolution
		Debug|Any CPU = Debug|Any CPU
		Release|Any CPU = Release|Any CPU
	EndGlobalSection
	GlobalSection(ProjectConfigurationPlatforms) = postSolution
		{4D8A90C6-B140-4454-9CF5-81363FC19CCD}.Debug|Any CPU.ActiveCfg = Debug|Any CPU
		{4D8A90C6-B140-4454-9CF5-81363FC19CCD}.Debug|Any CPU.Build.0 = Debug|Any CPU
		{4D8A90C6-B140-4454-9CF5-81363FC19CCD}.Release|Any CPU.ActiveCfg = Release|Any CPU
		{4D8A90C6-B140-4454-9CF5-81363FC19CCD}.Release|Any CPU.Build.0 = Release|Any CPU
	EndGlobalSection
	GlobalSection(SolutionProperties) = preSolution
		HideSolutionNode = FALSE
	EndGlobalSection
	GlobalSection(ExtensibilityGlobals) = postSolution
		SolutionGuid = {1E018FAF-811F-4256-9A83-8BB3EB8EA9FA}
	EndGlobalSection
EndGlobal
