
Microsoft Visual Studio Solution File, Format Version 12.00
# Visual Studio Version 16
VisualStudioVersion = 16.0.32428.217
MinimumVisualStudioVersion = 10.0.40219.1
Project("{FAE04EC0-301F-11D3-BF4B-00C04F79EFBC}") = "1013", "1013\1013.csproj", "{3B92231F-7E6B-4FEF-A24C-ADF3190254E6}"
EndProject
Global
	GlobalSection(SolutionConfigurationPlatforms) = preSolution
		Debug|Any CPU = Debug|Any CPU
		Release|Any CPU = Release|Any CPU
	EndGlobalSection
	GlobalSection(ProjectConfigurationPlatforms) = postSolution
		{3B92231F-7E6B-4FEF-A24C-ADF3190254E6}.Debug|Any CPU.ActiveCfg = Debug|Any CPU
		{3B92231F-7E6B-4FEF-A24C-ADF3190254E6}.Debug|Any CPU.Build.0 = Debug|Any CPU
		{3B92231F-7E6B-4FEF-A24C-ADF3190254E6}.Release|Any CPU.ActiveCfg = Release|Any CPU
		{3B92231F-7E6B-4FEF-A24C-ADF3190254E6}.Release|Any CPU.Build.0 = Release|Any CPU
	EndGlobalSection
	GlobalSection(SolutionProperties) = preSolution
		HideSolutionNode = FALSE
	EndGlobalSection
	GlobalSection(ExtensibilityGlobals) = postSolution
		SolutionGuid = {08BDD263-F362-4DD9-9B1F-1CAD96FF1582}
	EndGlobalSection
EndGlobal
