
Microsoft Visual Studio Solution File, Format Version 12.00
# Visual Studio Version 16
VisualStudioVersion = 16.0.32428.217
MinimumVisualStudioVersion = 10.0.40219.1
Project("{FAE04EC0-301F-11D3-BF4B-00C04F79EFBC}") = "1094", "1094\1094.csproj", "{76680A4F-DA64-4E60-84F0-F5D52719A5CA}"
EndProject
Global
	GlobalSection(SolutionConfigurationPlatforms) = preSolution
		Debug|Any CPU = Debug|Any CPU
		Release|Any CPU = Release|Any CPU
	EndGlobalSection
	GlobalSection(ProjectConfigurationPlatforms) = postSolution
		{76680A4F-DA64-4E60-84F0-F5D52719A5CA}.Debug|Any CPU.ActiveCfg = Debug|Any CPU
		{76680A4F-DA64-4E60-84F0-F5D52719A5CA}.Debug|Any CPU.Build.0 = Debug|Any CPU
		{76680A4F-DA64-4E60-84F0-F5D52719A5CA}.Release|Any CPU.ActiveCfg = Release|Any CPU
		{76680A4F-DA64-4E60-84F0-F5D52719A5CA}.Release|Any CPU.Build.0 = Release|Any CPU
	EndGlobalSection
	GlobalSection(SolutionProperties) = preSolution
		HideSolutionNode = FALSE
	EndGlobalSection
	GlobalSection(ExtensibilityGlobals) = postSolution
		SolutionGuid = {E55D3FC5-1A3E-4663-BFC2-304EF1C56A12}
	EndGlobalSection
EndGlobal
