
Microsoft Visual Studio Solution File, Format Version 12.00
# Visual Studio Version 16
VisualStudioVersion = 16.0.32428.217
MinimumVisualStudioVersion = 10.0.40219.1
Project("{FAE04EC0-301F-11D3-BF4B-00C04F79EFBC}") = "1060", "1060\1060.csproj", "{7395B51E-8EE7-4529-BE3B-C2414CB77931}"
EndProject
Global
	GlobalSection(SolutionConfigurationPlatforms) = preSolution
		Debug|Any CPU = Debug|Any CPU
		Release|Any CPU = Release|Any CPU
	EndGlobalSection
	GlobalSection(ProjectConfigurationPlatforms) = postSolution
		{7395B51E-8EE7-4529-BE3B-C2414CB77931}.Debug|Any CPU.ActiveCfg = Debug|Any CPU
		{7395B51E-8EE7-4529-BE3B-C2414CB77931}.Debug|Any CPU.Build.0 = Debug|Any CPU
		{7395B51E-8EE7-4529-BE3B-C2414CB77931}.Release|Any CPU.ActiveCfg = Release|Any CPU
		{7395B51E-8EE7-4529-BE3B-C2414CB77931}.Release|Any CPU.Build.0 = Release|Any CPU
	EndGlobalSection
	GlobalSection(SolutionProperties) = preSolution
		HideSolutionNode = FALSE
	EndGlobalSection
	GlobalSection(ExtensibilityGlobals) = postSolution
		SolutionGuid = {7D19D195-5F5A-4111-B0B3-099C72C4D4DB}
	EndGlobalSection
EndGlobal
