
Microsoft Visual Studio Solution File, Format Version 12.00
# Visual Studio Version 16
VisualStudioVersion = 16.0.32428.217
MinimumVisualStudioVersion = 10.0.40219.1
Project("{FAE04EC0-301F-11D3-BF4B-00C04F79EFBC}") = "Vetores01", "Vetores01\Vetores01.csproj", "{452AF89D-8051-4284-BD0F-EEE805943FD0}"
EndProject
Global
	GlobalSection(SolutionConfigurationPlatforms) = preSolution
		Debug|Any CPU = Debug|Any CPU
		Release|Any CPU = Release|Any CPU
	EndGlobalSection
	GlobalSection(ProjectConfigurationPlatforms) = postSolution
		{452AF89D-8051-4284-BD0F-EEE805943FD0}.Debug|Any CPU.ActiveCfg = Debug|Any CPU
		{452AF89D-8051-4284-BD0F-EEE805943FD0}.Debug|Any CPU.Build.0 = Debug|Any CPU
		{452AF89D-8051-4284-BD0F-EEE805943FD0}.Release|Any CPU.ActiveCfg = Release|Any CPU
		{452AF89D-8051-4284-BD0F-EEE805943FD0}.Release|Any CPU.Build.0 = Release|Any CPU
	EndGlobalSection
	GlobalSection(SolutionProperties) = preSolution
		HideSolutionNode = FALSE
	EndGlobalSection
	GlobalSection(ExtensibilityGlobals) = postSolution
		SolutionGuid = {0E6EF50D-2B65-4146-A8C3-0F121D4F33B8}
	EndGlobalSection
EndGlobal
