
Microsoft Visual Studio Solution File, Format Version 12.00
# Visual Studio Version 16
VisualStudioVersion = 16.0.32428.217
MinimumVisualStudioVersion = 10.0.40219.1
Project("{FAE04EC0-301F-11D3-BF4B-00C04F79EFBC}") = "1073", "1073\1073.csproj", "{179BAC8D-C38D-416B-88A1-A497C616F025}"
EndProject
Global
	GlobalSection(SolutionConfigurationPlatforms) = preSolution
		Debug|Any CPU = Debug|Any CPU
		Release|Any CPU = Release|Any CPU
	EndGlobalSection
	GlobalSection(ProjectConfigurationPlatforms) = postSolution
		{179BAC8D-C38D-416B-88A1-A497C616F025}.Debug|Any CPU.ActiveCfg = Debug|Any CPU
		{179BAC8D-C38D-416B-88A1-A497C616F025}.Debug|Any CPU.Build.0 = Debug|Any CPU
		{179BAC8D-C38D-416B-88A1-A497C616F025}.Release|Any CPU.ActiveCfg = Release|Any CPU
		{179BAC8D-C38D-416B-88A1-A497C616F025}.Release|Any CPU.Build.0 = Release|Any CPU
	EndGlobalSection
	GlobalSection(SolutionProperties) = preSolution
		HideSolutionNode = FALSE
	EndGlobalSection
	GlobalSection(ExtensibilityGlobals) = postSolution
		SolutionGuid = {BA8AD380-3666-4326-8C9D-F5010877A9BD}
	EndGlobalSection
EndGlobal
