
Microsoft Visual Studio Solution File, Format Version 12.00
# Visual Studio Version 17
VisualStudioVersion = 17.4.33122.133
MinimumVisualStudioVersion = 10.0.40219.1
Project("{FAE04EC0-301F-11D3-BF4B-00C04F79EFBC}") = "ExLinq02", "ExLinq02\ExLinq02.csproj", "{FB5255EA-1A42-4FC8-A80B-2C12C3BF77A7}"
EndProject
Global
	GlobalSection(SolutionConfigurationPlatforms) = preSolution
		Debug|Any CPU = Debug|Any CPU
		Release|Any CPU = Release|Any CPU
	EndGlobalSection
	GlobalSection(ProjectConfigurationPlatforms) = postSolution
		{FB5255EA-1A42-4FC8-A80B-2C12C3BF77A7}.Debug|Any CPU.ActiveCfg = Debug|Any CPU
		{FB5255EA-1A42-4FC8-A80B-2C12C3BF77A7}.Debug|Any CPU.Build.0 = Debug|Any CPU
		{FB5255EA-1A42-4FC8-A80B-2C12C3BF77A7}.Release|Any CPU.ActiveCfg = Release|Any CPU
		{FB5255EA-1A42-4FC8-A80B-2C12C3BF77A7}.Release|Any CPU.Build.0 = Release|Any CPU
	EndGlobalSection
	GlobalSection(SolutionProperties) = preSolution
		HideSolutionNode = FALSE
	EndGlobalSection
	GlobalSection(ExtensibilityGlobals) = postSolution
		SolutionGuid = {10FDAAF8-B0DF-47E4-BE65-00FA015F8B1F}
	EndGlobalSection
EndGlobal
