
Microsoft Visual Studio Solution File, Format Version 12.00
# Visual Studio Version 16
VisualStudioVersion = 16.0.32428.217
MinimumVisualStudioVersion = 10.0.40219.1
Project("{FAE04EC0-301F-11D3-BF4B-00C04F79EFBC}") = "CotaçãoDoDolar", "CotaçãoDoDolar\CotaçãoDoDolar.csproj", "{9E45F8E6-69CE-4EE2-988D-DE80138E4B25}"
EndProject
Global
	GlobalSection(SolutionConfigurationPlatforms) = preSolution
		Debug|Any CPU = Debug|Any CPU
		Release|Any CPU = Release|Any CPU
	EndGlobalSection
	GlobalSection(ProjectConfigurationPlatforms) = postSolution
		{9E45F8E6-69CE-4EE2-988D-DE80138E4B25}.Debug|Any CPU.ActiveCfg = Debug|Any CPU
		{9E45F8E6-69CE-4EE2-988D-DE80138E4B25}.Debug|Any CPU.Build.0 = Debug|Any CPU
		{9E45F8E6-69CE-4EE2-988D-DE80138E4B25}.Release|Any CPU.ActiveCfg = Release|Any CPU
		{9E45F8E6-69CE-4EE2-988D-DE80138E4B25}.Release|Any CPU.Build.0 = Release|Any CPU
	EndGlobalSection
	GlobalSection(SolutionProperties) = preSolution
		HideSolutionNode = FALSE
	EndGlobalSection
	GlobalSection(ExtensibilityGlobals) = postSolution
		SolutionGuid = {17E396AA-56C8-4873-8C87-6E2385F094C4}
	EndGlobalSection
EndGlobal
