
Microsoft Visual Studio Solution File, Format Version 12.00
# Visual Studio Version 16
VisualStudioVersion = 16.0.32428.217
MinimumVisualStudioVersion = 10.0.40219.1
Project("{FAE04EC0-301F-11D3-BF4B-00C04F79EFBC}") = "ExercicioMatrizes01", "ExercicioMatrizes01\ExercicioMatrizes01.csproj", "{4793B0F9-A920-4577-A058-A17C049C8719}"
EndProject
Global
	GlobalSection(SolutionConfigurationPlatforms) = preSolution
		Debug|Any CPU = Debug|Any CPU
		Release|Any CPU = Release|Any CPU
	EndGlobalSection
	GlobalSection(ProjectConfigurationPlatforms) = postSolution
		{4793B0F9-A920-4577-A058-A17C049C8719}.Debug|Any CPU.ActiveCfg = Debug|Any CPU
		{4793B0F9-A920-4577-A058-A17C049C8719}.Debug|Any CPU.Build.0 = Debug|Any CPU
		{4793B0F9-A920-4577-A058-A17C049C8719}.Release|Any CPU.ActiveCfg = Release|Any CPU
		{4793B0F9-A920-4577-A058-A17C049C8719}.Release|Any CPU.Build.0 = Release|Any CPU
	EndGlobalSection
	GlobalSection(SolutionProperties) = preSolution
		HideSolutionNode = FALSE
	EndGlobalSection
	GlobalSection(ExtensibilityGlobals) = postSolution
		SolutionGuid = {CA325D32-02D9-48EF-B64E-A987E74FFCF2}
	EndGlobalSection
EndGlobal
