
Microsoft Visual Studio Solution File, Format Version 12.00
# Visual Studio Version 16
VisualStudioVersion = 16.0.32428.217
MinimumVisualStudioVersion = 10.0.40219.1
Project("{FAE04EC0-301F-11D3-BF4B-00C04F79EFBC}") = "1075", "1075\1075.csproj", "{E8CB6D79-E354-4FFC-943E-EE8943E0708B}"
EndProject
Global
	GlobalSection(SolutionConfigurationPlatforms) = preSolution
		Debug|Any CPU = Debug|Any CPU
		Release|Any CPU = Release|Any CPU
	EndGlobalSection
	GlobalSection(ProjectConfigurationPlatforms) = postSolution
		{E8CB6D79-E354-4FFC-943E-EE8943E0708B}.Debug|Any CPU.ActiveCfg = Debug|Any CPU
		{E8CB6D79-E354-4FFC-943E-EE8943E0708B}.Debug|Any CPU.Build.0 = Debug|Any CPU
		{E8CB6D79-E354-4FFC-943E-EE8943E0708B}.Release|Any CPU.ActiveCfg = Release|Any CPU
		{E8CB6D79-E354-4FFC-943E-EE8943E0708B}.Release|Any CPU.Build.0 = Release|Any CPU
	EndGlobalSection
	GlobalSection(SolutionProperties) = preSolution
		HideSolutionNode = FALSE
	EndGlobalSection
	GlobalSection(ExtensibilityGlobals) = postSolution
		SolutionGuid = {96A05D9E-DAE6-45D1-AA88-42956FDEF9C2}
	EndGlobalSection
EndGlobal
