
Microsoft Visual Studio Solution File, Format Version 12.00
# Visual Studio Version 17
VisualStudioVersion = 17.4.33122.133
MinimumVisualStudioVersion = 10.0.40219.1
Project("{FAE04EC0-301F-11D3-BF4B-00C04F79EFBC}") = "TrabalhandoComArquivos", "TrabalhandoComArquivos\TrabalhandoComArquivos.csproj", "{259A8A8D-3FB9-4A8B-AC11-2184E7376868}"
EndProject
Global
	GlobalSection(SolutionConfigurationPlatforms) = preSolution
		Debug|Any CPU = Debug|Any CPU
		Release|Any CPU = Release|Any CPU
	EndGlobalSection
	GlobalSection(ProjectConfigurationPlatforms) = postSolution
		{259A8A8D-3FB9-4A8B-AC11-2184E7376868}.Debug|Any CPU.ActiveCfg = Debug|Any CPU
		{259A8A8D-3FB9-4A8B-AC11-2184E7376868}.Debug|Any CPU.Build.0 = Debug|Any CPU
		{259A8A8D-3FB9-4A8B-AC11-2184E7376868}.Release|Any CPU.ActiveCfg = Release|Any CPU
		{259A8A8D-3FB9-4A8B-AC11-2184E7376868}.Release|Any CPU.Build.0 = Release|Any CPU
	EndGlobalSection
	GlobalSection(SolutionProperties) = preSolution
		HideSolutionNode = FALSE
	EndGlobalSection
	GlobalSection(ExtensibilityGlobals) = postSolution
		SolutionGuid = {961BE023-AF2B-4289-AC29-268FA1197CFF}
	EndGlobalSection
EndGlobal
