
Microsoft Visual Studio Solution File, Format Version 12.00
# Visual Studio Version 16
VisualStudioVersion = 16.0.33027.164
MinimumVisualStudioVersion = 10.0.40219.1
Project("{FAE04EC0-301F-11D3-BF4B-00C04F79EFBC}") = "InterfaceComparable", "InterfaceComparable\InterfaceComparable.csproj", "{EFD12568-A38D-410D-AF62-37C6F6179B99}"
EndProject
Global
	GlobalSection(SolutionConfigurationPlatforms) = preSolution
		Debug|Any CPU = Debug|Any CPU
		Release|Any CPU = Release|Any CPU
	EndGlobalSection
	GlobalSection(ProjectConfigurationPlatforms) = postSolution
		{EFD12568-A38D-410D-AF62-37C6F6179B99}.Debug|Any CPU.ActiveCfg = Debug|Any CPU
		{EFD12568-A38D-410D-AF62-37C6F6179B99}.Debug|Any CPU.Build.0 = Debug|Any CPU
		{EFD12568-A38D-410D-AF62-37C6F6179B99}.Release|Any CPU.ActiveCfg = Release|Any CPU
		{EFD12568-A38D-410D-AF62-37C6F6179B99}.Release|Any CPU.Build.0 = Release|Any CPU
	EndGlobalSection
	GlobalSection(SolutionProperties) = preSolution
		HideSolutionNode = FALSE
	EndGlobalSection
	GlobalSection(ExtensibilityGlobals) = postSolution
		SolutionGuid = {D0AB643C-559A-4249-9F4D-82448DA98D7D}
	EndGlobalSection
EndGlobal
