
Microsoft Visual Studio Solution File, Format Version 12.00
# Visual Studio Version 16
VisualStudioVersion = 16.0.32428.217
MinimumVisualStudioVersion = 10.0.40219.1
Project("{FAE04EC0-301F-11D3-BF4B-00C04F79EFBC}") = "ExercicioHerançaEPolimorfismo", "ExercicioHerançaEPolimorfismo\ExercicioHerançaEPolimorfismo.csproj", "{AAD4F985-D10A-46ED-BC8B-1621938A857C}"
EndProject
Global
	GlobalSection(SolutionConfigurationPlatforms) = preSolution
		Debug|Any CPU = Debug|Any CPU
		Release|Any CPU = Release|Any CPU
	EndGlobalSection
	GlobalSection(ProjectConfigurationPlatforms) = postSolution
		{AAD4F985-D10A-46ED-BC8B-1621938A857C}.Debug|Any CPU.ActiveCfg = Debug|Any CPU
		{AAD4F985-D10A-46ED-BC8B-1621938A857C}.Debug|Any CPU.Build.0 = Debug|Any CPU
		{AAD4F985-D10A-46ED-BC8B-1621938A857C}.Release|Any CPU.ActiveCfg = Release|Any CPU
		{AAD4F985-D10A-46ED-BC8B-1621938A857C}.Release|Any CPU.Build.0 = Release|Any CPU
	EndGlobalSection
	GlobalSection(SolutionProperties) = preSolution
		HideSolutionNode = FALSE
	EndGlobalSection
	GlobalSection(ExtensibilityGlobals) = postSolution
		SolutionGuid = {EBD20702-FF7C-4445-866C-6FCB13D56F25}
	EndGlobalSection
EndGlobal
