
Microsoft Visual Studio Solution File, Format Version 12.00
# Visual Studio Version 16
VisualStudioVersion = 16.0.32428.217
MinimumVisualStudioVersion = 10.0.40219.1
Project("{FAE04EC0-301F-11D3-BF4B-00C04F79EFBC}") = "1043", "1043\1043.csproj", "{2A342D34-FA20-4295-93CD-4874B9918FD6}"
EndProject
Global
	GlobalSection(SolutionConfigurationPlatforms) = preSolution
		Debug|Any CPU = Debug|Any CPU
		Release|Any CPU = Release|Any CPU
	EndGlobalSection
	GlobalSection(ProjectConfigurationPlatforms) = postSolution
		{2A342D34-FA20-4295-93CD-4874B9918FD6}.Debug|Any CPU.ActiveCfg = Debug|Any CPU
		{2A342D34-FA20-4295-93CD-4874B9918FD6}.Debug|Any CPU.Build.0 = Debug|Any CPU
		{2A342D34-FA20-4295-93CD-4874B9918FD6}.Release|Any CPU.ActiveCfg = Release|Any CPU
		{2A342D34-FA20-4295-93CD-4874B9918FD6}.Release|Any CPU.Build.0 = Release|Any CPU
	EndGlobalSection
	GlobalSection(SolutionProperties) = preSolution
		HideSolutionNode = FALSE
	EndGlobalSection
	GlobalSection(ExtensibilityGlobals) = postSolution
		SolutionGuid = {E9485B29-A78F-4C4D-BA50-B5AD9306D567}
	EndGlobalSection
EndGlobal
