
Microsoft Visual Studio Solution File, Format Version 12.00
# Visual Studio Version 16
VisualStudioVersion = 16.0.32428.217
MinimumVisualStudioVersion = 10.0.40219.1
Project("{FAE04EC0-301F-11D3-BF4B-00C04F79EFBC}") = "ExClasses2", "ExClasses2\ExClasses2.csproj", "{1B49AEBB-B5B3-47F2-915F-CC77ABACD286}"
EndProject
Global
	GlobalSection(SolutionConfigurationPlatforms) = preSolution
		Debug|Any CPU = Debug|Any CPU
		Release|Any CPU = Release|Any CPU
	EndGlobalSection
	GlobalSection(ProjectConfigurationPlatforms) = postSolution
		{1B49AEBB-B5B3-47F2-915F-CC77ABACD286}.Debug|Any CPU.ActiveCfg = Debug|Any CPU
		{1B49AEBB-B5B3-47F2-915F-CC77ABACD286}.Debug|Any CPU.Build.0 = Debug|Any CPU
		{1B49AEBB-B5B3-47F2-915F-CC77ABACD286}.Release|Any CPU.ActiveCfg = Release|Any CPU
		{1B49AEBB-B5B3-47F2-915F-CC77ABACD286}.Release|Any CPU.Build.0 = Release|Any CPU
	EndGlobalSection
	GlobalSection(SolutionProperties) = preSolution
		HideSolutionNode = FALSE
	EndGlobalSection
	GlobalSection(ExtensibilityGlobals) = postSolution
		SolutionGuid = {1297B270-D23D-4752-B2D6-25C4ED836A01}
	EndGlobalSection
EndGlobal
