
Microsoft Visual Studio Solution File, Format Version 12.00
# Visual Studio Version 16
VisualStudioVersion = 16.0.32428.217
MinimumVisualStudioVersion = 10.0.40219.1
Project("{FAE04EC0-301F-11D3-BF4B-00C04F79EFBC}") = "1038", "1038\1038.csproj", "{5DDC5362-285A-4D52-9B4C-59F15A3F720D}"
EndProject
Global
	GlobalSection(SolutionConfigurationPlatforms) = preSolution
		Debug|Any CPU = Debug|Any CPU
		Release|Any CPU = Release|Any CPU
	EndGlobalSection
	GlobalSection(ProjectConfigurationPlatforms) = postSolution
		{5DDC5362-285A-4D52-9B4C-59F15A3F720D}.Debug|Any CPU.ActiveCfg = Debug|Any CPU
		{5DDC5362-285A-4D52-9B4C-59F15A3F720D}.Debug|Any CPU.Build.0 = Debug|Any CPU
		{5DDC5362-285A-4D52-9B4C-59F15A3F720D}.Release|Any CPU.ActiveCfg = Release|Any CPU
		{5DDC5362-285A-4D52-9B4C-59F15A3F720D}.Release|Any CPU.Build.0 = Release|Any CPU
	EndGlobalSection
	GlobalSection(SolutionProperties) = preSolution
		HideSolutionNode = FALSE
	EndGlobalSection
	GlobalSection(ExtensibilityGlobals) = postSolution
		SolutionGuid = {767FC44F-DF1D-4166-A789-2DFA26C0A5F3}
	EndGlobalSection
EndGlobal
