
Microsoft Visual Studio Solution File, Format Version 12.00
# Visual Studio Version 16
VisualStudioVersion = 16.0.32428.217
MinimumVisualStudioVersion = 10.0.40219.1
Project("{FAE04EC0-301F-11D3-BF4B-00C04F79EFBC}") = "1047", "1047\1047.csproj", "{BABC4819-1E9E-413C-8AE4-F8D0A94101EA}"
EndProject
Global
	GlobalSection(SolutionConfigurationPlatforms) = preSolution
		Debug|Any CPU = Debug|Any CPU
		Release|Any CPU = Release|Any CPU
	EndGlobalSection
	GlobalSection(ProjectConfigurationPlatforms) = postSolution
		{BABC4819-1E9E-413C-8AE4-F8D0A94101EA}.Debug|Any CPU.ActiveCfg = Debug|Any CPU
		{BABC4819-1E9E-413C-8AE4-F8D0A94101EA}.Debug|Any CPU.Build.0 = Debug|Any CPU
		{BABC4819-1E9E-413C-8AE4-F8D0A94101EA}.Release|Any CPU.ActiveCfg = Release|Any CPU
		{BABC4819-1E9E-413C-8AE4-F8D0A94101EA}.Release|Any CPU.Build.0 = Release|Any CPU
	EndGlobalSection
	GlobalSection(SolutionProperties) = preSolution
		HideSolutionNode = FALSE
	EndGlobalSection
	GlobalSection(ExtensibilityGlobals) = postSolution
		SolutionGuid = {B162ACC8-2DE8-42AB-BCC9-75DADF45BA0B}
	EndGlobalSection
EndGlobal
