
Microsoft Visual Studio Solution File, Format Version 12.00
# Visual Studio Version 16
VisualStudioVersion = 16.0.32428.217
MinimumVisualStudioVersion = 10.0.40219.1
Project("{FAE04EC0-301F-11D3-BF4B-00C04F79EFBC}") = "ExFixaçãoHerança", "ExFixaçãoHerança\ExFixaçãoHerança.csproj", "{4874B02B-5381-442D-A28B-AEFE17738128}"
EndProject
Global
	GlobalSection(SolutionConfigurationPlatforms) = preSolution
		Debug|Any CPU = Debug|Any CPU
		Release|Any CPU = Release|Any CPU
	EndGlobalSection
	GlobalSection(ProjectConfigurationPlatforms) = postSolution
		{4874B02B-5381-442D-A28B-AEFE17738128}.Debug|Any CPU.ActiveCfg = Debug|Any CPU
		{4874B02B-5381-442D-A28B-AEFE17738128}.Debug|Any CPU.Build.0 = Debug|Any CPU
		{4874B02B-5381-442D-A28B-AEFE17738128}.Release|Any CPU.ActiveCfg = Release|Any CPU
		{4874B02B-5381-442D-A28B-AEFE17738128}.Release|Any CPU.Build.0 = Release|Any CPU
	EndGlobalSection
	GlobalSection(SolutionProperties) = preSolution
		HideSolutionNode = FALSE
	EndGlobalSection
	GlobalSection(ExtensibilityGlobals) = postSolution
		SolutionGuid = {D0CB1E88-206E-4DA4-AEA2-E15CE57E2D95}
	EndGlobalSection
EndGlobal
